
Microsoft Visual Studio Solution File, Format Version 12.00
# Visual Studio Version 17
VisualStudioVersion = 17.5.33414.496
MinimumVisualStudioVersion = 10.0.40219.1
Project("{FAE04EC0-301F-11D3-BF4B-00C04F79EFBC}") = "FifteenUI", "Fifteen\FifteenUI.csproj", "{7356FE1A-52FB-4006-8AC1-1048EA639919}"
EndProject
Project("{FAE04EC0-301F-11D3-BF4B-00C04F79EFBC}") = "Fifteen.Core", "Fifteen.Core\Fifteen.Core.csproj", "{7A8ADB20-12E2-4093-9603-8FECDD907F77}"
EndProject
Project("{FAE04EC0-301F-11D3-BF4B-00C04F79EFBC}") = "FifteenTest", "FifteenTest\FifteenTest.csproj", "{B98FD958-B8AA-4F17-82E4-314801685503}"
EndProject
Global
	GlobalSection(SolutionConfigurationPlatforms) = preSolution
		Debug|Any CPU = Debug|Any CPU
		Release|Any CPU = Release|Any CPU
	EndGlobalSection
	GlobalSection(ProjectConfigurationPlatforms) = postSolution
		{7356FE1A-52FB-4006-8AC1-1048EA639919}.Debug|Any CPU.ActiveCfg = Debug|Any CPU
		{7356FE1A-52FB-4006-8AC1-1048EA639919}.Debug|Any CPU.Build.0 = Debug|Any CPU
		{7356FE1A-52FB-4006-8AC1-1048EA639919}.Release|Any CPU.ActiveCfg = Release|Any CPU
		{7356FE1A-52FB-4006-8AC1-1048EA639919}.Release|Any CPU.Build.0 = Release|Any CPU
		{7A8ADB20-12E2-4093-9603-8FECDD907F77}.Debug|Any CPU.ActiveCfg = Debug|Any CPU
		{7A8ADB20-12E2-4093-9603-8FECDD907F77}.Debug|Any CPU.Build.0 = Debug|Any CPU
		{7A8ADB20-12E2-4093-9603-8FECDD907F77}.Release|Any CPU.ActiveCfg = Release|Any CPU
		{7A8ADB20-12E2-4093-9603-8FECDD907F77}.Release|Any CPU.Build.0 = Release|Any CPU
		{B98FD958-B8AA-4F17-82E4-314801685503}.Debug|Any CPU.ActiveCfg = Debug|Any CPU
		{B98FD958-B8AA-4F17-82E4-314801685503}.Debug|Any CPU.Build.0 = Debug|Any CPU
		{B98FD958-B8AA-4F17-82E4-314801685503}.Release|Any CPU.ActiveCfg = Release|Any CPU
		{B98FD958-B8AA-4F17-82E4-314801685503}.Release|Any CPU.Build.0 = Release|Any CPU
	EndGlobalSection
	GlobalSection(SolutionProperties) = preSolution
		HideSolutionNode = FALSE
	EndGlobalSection
	GlobalSection(ExtensibilityGlobals) = postSolution
		SolutionGuid = {4D08F581-C615-47FF-B5DF-37CD06AAAB7D}
	EndGlobalSection
EndGlobal
